
Microsoft Visual Studio Solution File, Format Version 12.00
# Visual Studio 2013
VisualStudioVersion = 12.0.30723.0
MinimumVisualStudioVersion = 10.0.40219.1
Project("{FAE04EC0-301F-11D3-BF4B-00C04F79EFBC}") = "PostItSample", "PostItSample\PostItSample\PostItSample.csproj", "{A91A1939-6611-49EE-9716-168E965A7AD3}"
EndProject
Project("{FAE04EC0-301F-11D3-BF4B-00C04F79EFBC}") = "PostItSample.iOS", "PostItSample\PostItSample.iOS\PostItSample.iOS.csproj", "{35EBAD5D-940D-4D19-A081-13FFBDD48FD3}"
EndProject
Project("{FAE04EC0-301F-11D3-BF4B-00C04F79EFBC}") = "PostItSample.Android", "PostItSample\PostItSample.Android\PostItSample.Android.csproj", "{FAEC3FFA-DB5C-41B3-A25D-E60E5A87D8FC}"
EndProject
Project("{FAE04EC0-301F-11D3-BF4B-00C04F79EFBC}") = "PostItSample.WinPhone", "PostItSample\PostItSample.WinPhone\PostItSample.WinPhone.csproj", "{3FA90D3D-9678-4238-8813-7F3CE020D904}"
EndProject
Global
	GlobalSection(SolutionConfigurationPlatforms) = preSolution
		Ad-Hoc|Any CPU = Ad-Hoc|Any CPU
		Ad-Hoc|ARM = Ad-Hoc|ARM
		Ad-Hoc|iPhone = Ad-Hoc|iPhone
		Ad-Hoc|iPhoneSimulator = Ad-Hoc|iPhoneSimulator
		Ad-Hoc|Mixed Platforms = Ad-Hoc|Mixed Platforms
		Ad-Hoc|x86 = Ad-Hoc|x86
		AppStore|Any CPU = AppStore|Any CPU
		AppStore|ARM = AppStore|ARM
		AppStore|iPhone = AppStore|iPhone
		AppStore|iPhoneSimulator = AppStore|iPhoneSimulator
		AppStore|Mixed Platforms = AppStore|Mixed Platforms
		AppStore|x86 = AppStore|x86
		Debug|Any CPU = Debug|Any CPU
		Debug|ARM = Debug|ARM
		Debug|iPhone = Debug|iPhone
		Debug|iPhoneSimulator = Debug|iPhoneSimulator
		Debug|Mixed Platforms = Debug|Mixed Platforms
		Debug|x86 = Debug|x86
		Release|Any CPU = Release|Any CPU
		Release|ARM = Release|ARM
		Release|iPhone = Release|iPhone
		Release|iPhoneSimulator = Release|iPhoneSimulator
		Release|Mixed Platforms = Release|Mixed Platforms
		Release|x86 = Release|x86
	EndGlobalSection
	GlobalSection(ProjectConfigurationPlatforms) = postSolution
		{A91A1939-6611-49EE-9716-168E965A7AD3}.Ad-Hoc|Any CPU.ActiveCfg = Release|Any CPU
		{A91A1939-6611-49EE-9716-168E965A7AD3}.Ad-Hoc|Any CPU.Build.0 = Release|Any CPU
		{A91A1939-6611-49EE-9716-168E965A7AD3}.Ad-Hoc|ARM.ActiveCfg = Release|Any CPU
		{A91A1939-6611-49EE-9716-168E965A7AD3}.Ad-Hoc|iPhone.ActiveCfg = Release|Any CPU
		{A91A1939-6611-49EE-9716-168E965A7AD3}.Ad-Hoc|iPhoneSimulator.ActiveCfg = Release|Any CPU
		{A91A1939-6611-49EE-9716-168E965A7AD3}.Ad-Hoc|Mixed Platforms.ActiveCfg = Release|Any CPU
		{A91A1939-6611-49EE-9716-168E965A7AD3}.Ad-Hoc|Mixed Platforms.Build.0 = Release|Any CPU
		{A91A1939-6611-49EE-9716-168E965A7AD3}.Ad-Hoc|x86.ActiveCfg = Release|Any CPU
		{A91A1939-6611-49EE-9716-168E965A7AD3}.AppStore|Any CPU.ActiveCfg = Release|Any CPU
		{A91A1939-6611-49EE-9716-168E965A7AD3}.AppStore|Any CPU.Build.0 = Release|Any CPU
		{A91A1939-6611-49EE-9716-168E965A7AD3}.AppStore|ARM.ActiveCfg = Release|Any CPU
		{A91A1939-6611-49EE-9716-168E965A7AD3}.AppStore|iPhone.ActiveCfg = Release|Any CPU
		{A91A1939-6611-49EE-9716-168E965A7AD3}.AppStore|iPhoneSimulator.ActiveCfg = Release|Any CPU
		{A91A1939-6611-49EE-9716-168E965A7AD3}.AppStore|Mixed Platforms.ActiveCfg = Release|Any CPU
		{A91A1939-6611-49EE-9716-168E965A7AD3}.AppStore|Mixed Platforms.Build.0 = Release|Any CPU
		{A91A1939-6611-49EE-9716-168E965A7AD3}.AppStore|x86.ActiveCfg = Release|Any CPU
		{A91A1939-6611-49EE-9716-168E965A7AD3}.Debug|Any CPU.ActiveCfg = Debug|Any CPU
		{A91A1939-6611-49EE-9716-168E965A7AD3}.Debug|Any CPU.Build.0 = Debug|Any CPU
		{A91A1939-6611-49EE-9716-168E965A7AD3}.Debug|ARM.ActiveCfg = Debug|Any CPU
		{A91A1939-6611-49EE-9716-168E965A7AD3}.Debug|iPhone.ActiveCfg = Debug|Any CPU
		{A91A1939-6611-49EE-9716-168E965A7AD3}.Debug|iPhoneSimulator.ActiveCfg = Debug|Any CPU
		{A91A1939-6611-49EE-9716-168E965A7AD3}.Debug|iPhoneSimulator.Build.0 = Debug|Any CPU
		{A91A1939-6611-49EE-9716-168E965A7AD3}.Debug|Mixed Platforms.ActiveCfg = Debug|Any CPU
		{A91A1939-6611-49EE-9716-168E965A7AD3}.Debug|Mixed Platforms.Build.0 = Debug|Any CPU
		{A91A1939-6611-49EE-9716-168E965A7AD3}.Debug|x86.ActiveCfg = Debug|Any CPU
		{A91A1939-6611-49EE-9716-168E965A7AD3}.Release|Any CPU.ActiveCfg = Release|Any CPU
		{A91A1939-6611-49EE-9716-168E965A7AD3}.Release|Any CPU.Build.0 = Release|Any CPU
		{A91A1939-6611-49EE-9716-168E965A7AD3}.Release|ARM.ActiveCfg = Release|Any CPU
		{A91A1939-6611-49EE-9716-168E965A7AD3}.Release|iPhone.ActiveCfg = Release|Any CPU
		{A91A1939-6611-49EE-9716-168E965A7AD3}.Release|iPhoneSimulator.ActiveCfg = Release|Any CPU
		{A91A1939-6611-49EE-9716-168E965A7AD3}.Release|Mixed Platforms.ActiveCfg = Release|Any CPU
		{A91A1939-6611-49EE-9716-168E965A7AD3}.Release|Mixed Platforms.Build.0 = Release|Any CPU
		{A91A1939-6611-49EE-9716-168E965A7AD3}.Release|x86.ActiveCfg = Release|Any CPU
		{35EBAD5D-940D-4D19-A081-13FFBDD48FD3}.Ad-Hoc|Any CPU.ActiveCfg = Ad-Hoc|iPhone
		{35EBAD5D-940D-4D19-A081-13FFBDD48FD3}.Ad-Hoc|ARM.ActiveCfg = Ad-Hoc|iPhone
		{35EBAD5D-940D-4D19-A081-13FFBDD48FD3}.Ad-Hoc|iPhone.ActiveCfg = Ad-Hoc|iPhone
		{35EBAD5D-940D-4D19-A081-13FFBDD48FD3}.Ad-Hoc|iPhone.Build.0 = Ad-Hoc|iPhone
		{35EBAD5D-940D-4D19-A081-13FFBDD48FD3}.Ad-Hoc|iPhoneSimulator.ActiveCfg = Ad-Hoc|iPhoneSimulator
		{35EBAD5D-940D-4D19-A081-13FFBDD48FD3}.Ad-Hoc|iPhoneSimulator.Build.0 = Ad-Hoc|iPhoneSimulator
		{35EBAD5D-940D-4D19-A081-13FFBDD48FD3}.Ad-Hoc|Mixed Platforms.ActiveCfg = Ad-Hoc|iPhone
		{35EBAD5D-940D-4D19-A081-13FFBDD48FD3}.Ad-Hoc|Mixed Platforms.Build.0 = Ad-Hoc|iPhone
		{35EBAD5D-940D-4D19-A081-13FFBDD48FD3}.Ad-Hoc|x86.ActiveCfg = Ad-Hoc|iPhone
		{35EBAD5D-940D-4D19-A081-13FFBDD48FD3}.AppStore|Any CPU.ActiveCfg = AppStore|iPhone
		{35EBAD5D-940D-4D19-A081-13FFBDD48FD3}.AppStore|ARM.ActiveCfg = AppStore|iPhone
		{35EBAD5D-940D-4D19-A081-13FFBDD48FD3}.AppStore|iPhone.ActiveCfg = AppStore|iPhone
		{35EBAD5D-940D-4D19-A081-13FFBDD48FD3}.AppStore|iPhone.Build.0 = AppStore|iPhone
		{35EBAD5D-940D-4D19-A081-13FFBDD48FD3}.AppStore|iPhoneSimulator.ActiveCfg = AppStore|iPhoneSimulator
		{35EBAD5D-940D-4D19-A081-13FFBDD48FD3}.AppStore|iPhoneSimulator.Build.0 = AppStore|iPhoneSimulator
		{35EBAD5D-940D-4D19-A081-13FFBDD48FD3}.AppStore|Mixed Platforms.ActiveCfg = AppStore|iPhone
		{35EBAD5D-940D-4D19-A081-13FFBDD48FD3}.AppStore|Mixed Platforms.Build.0 = AppStore|iPhone
		{35EBAD5D-940D-4D19-A081-13FFBDD48FD3}.AppStore|x86.ActiveCfg = AppStore|iPhone
		{35EBAD5D-940D-4D19-A081-13FFBDD48FD3}.Debug|Any CPU.ActiveCfg = Debug|iPhone
		{35EBAD5D-940D-4D19-A081-13FFBDD48FD3}.Debug|ARM.ActiveCfg = Debug|iPhone
		{35EBAD5D-940D-4D19-A081-13FFBDD48FD3}.Debug|iPhone.ActiveCfg = Debug|iPhone
		{35EBAD5D-940D-4D19-A081-13FFBDD48FD3}.Debug|iPhone.Build.0 = Debug|iPhone
		{35EBAD5D-940D-4D19-A081-13FFBDD48FD3}.Debug|iPhoneSimulator.ActiveCfg = Debug|iPhoneSimulator
		{35EBAD5D-940D-4D19-A081-13FFBDD48FD3}.Debug|iPhoneSimulator.Build.0 = Debug|iPhoneSimulator
		{35EBAD5D-940D-4D19-A081-13FFBDD48FD3}.Debug|Mixed Platforms.ActiveCfg = Debug|iPhone
		{35EBAD5D-940D-4D19-A081-13FFBDD48FD3}.Debug|Mixed Platforms.Build.0 = Debug|iPhone
		{35EBAD5D-940D-4D19-A081-13FFBDD48FD3}.Debug|x86.ActiveCfg = Debug|iPhone
		{35EBAD5D-940D-4D19-A081-13FFBDD48FD3}.Release|Any CPU.ActiveCfg = Release|iPhone
		{35EBAD5D-940D-4D19-A081-13FFBDD48FD3}.Release|ARM.ActiveCfg = Release|iPhone
		{35EBAD5D-940D-4D19-A081-13FFBDD48FD3}.Release|iPhone.ActiveCfg = Release|iPhone
		{35EBAD5D-940D-4D19-A081-13FFBDD48FD3}.Release|iPhone.Build.0 = Release|iPhone
		{35EBAD5D-940D-4D19-A081-13FFBDD48FD3}.Release|iPhoneSimulator.ActiveCfg = Release|iPhoneSimulator
		{35EBAD5D-940D-4D19-A081-13FFBDD48FD3}.Release|iPhoneSimulator.Build.0 = Release|iPhoneSimulator
		{35EBAD5D-940D-4D19-A081-13FFBDD48FD3}.Release|Mixed Platforms.ActiveCfg = Release|iPhone
		{35EBAD5D-940D-4D19-A081-13FFBDD48FD3}.Release|Mixed Platforms.Build.0 = Release|iPhone
		{35EBAD5D-940D-4D19-A081-13FFBDD48FD3}.Release|x86.ActiveCfg = Release|iPhone
		{FAEC3FFA-DB5C-41B3-A25D-E60E5A87D8FC}.Ad-Hoc|Any CPU.ActiveCfg = Release|Any CPU
		{FAEC3FFA-DB5C-41B3-A25D-E60E5A87D8FC}.Ad-Hoc|Any CPU.Build.0 = Release|Any CPU
		{FAEC3FFA-DB5C-41B3-A25D-E60E5A87D8FC}.Ad-Hoc|Any CPU.Deploy.0 = Release|Any CPU
		{FAEC3FFA-DB5C-41B3-A25D-E60E5A87D8FC}.Ad-Hoc|ARM.ActiveCfg = Release|Any CPU
		{FAEC3FFA-DB5C-41B3-A25D-E60E5A87D8FC}.Ad-Hoc|iPhone.ActiveCfg = Release|Any CPU
		{FAEC3FFA-DB5C-41B3-A25D-E60E5A87D8FC}.Ad-Hoc|iPhoneSimulator.ActiveCfg = Release|Any CPU
		{FAEC3FFA-DB5C-41B3-A25D-E60E5A87D8FC}.Ad-Hoc|Mixed Platforms.ActiveCfg = Release|Any CPU
		{FAEC3FFA-DB5C-41B3-A25D-E60E5A87D8FC}.Ad-Hoc|Mixed Platforms.Build.0 = Release|Any CPU
		{FAEC3FFA-DB5C-41B3-A25D-E60E5A87D8FC}.Ad-Hoc|Mixed Platforms.Deploy.0 = Release|Any CPU
		{FAEC3FFA-DB5C-41B3-A25D-E60E5A87D8FC}.Ad-Hoc|x86.ActiveCfg = Release|Any CPU
		{FAEC3FFA-DB5C-41B3-A25D-E60E5A87D8FC}.AppStore|Any CPU.ActiveCfg = Release|Any CPU
		{FAEC3FFA-DB5C-41B3-A25D-E60E5A87D8FC}.AppStore|Any CPU.Build.0 = Release|Any CPU
		{FAEC3FFA-DB5C-41B3-A25D-E60E5A87D8FC}.AppStore|Any CPU.Deploy.0 = Release|Any CPU
		{FAEC3FFA-DB5C-41B3-A25D-E60E5A87D8FC}.AppStore|ARM.ActiveCfg = Release|Any CPU
		{FAEC3FFA-DB5C-41B3-A25D-E60E5A87D8FC}.AppStore|iPhone.ActiveCfg = Release|Any CPU
		{FAEC3FFA-DB5C-41B3-A25D-E60E5A87D8FC}.AppStore|iPhoneSimulator.ActiveCfg = Release|Any CPU
		{FAEC3FFA-DB5C-41B3-A25D-E60E5A87D8FC}.AppStore|Mixed Platforms.ActiveCfg = Release|Any CPU
		{FAEC3FFA-DB5C-41B3-A25D-E60E5A87D8FC}.AppStore|Mixed Platforms.Build.0 = Release|Any CPU
		{FAEC3FFA-DB5C-41B3-A25D-E60E5A87D8FC}.AppStore|Mixed Platforms.Deploy.0 = Release|Any CPU
		{FAEC3FFA-DB5C-41B3-A25D-E60E5A87D8FC}.AppStore|x86.ActiveCfg = Release|Any CPU
		{FAEC3FFA-DB5C-41B3-A25D-E60E5A87D8FC}.Debug|Any CPU.ActiveCfg = Debug|Any CPU
		{FAEC3FFA-DB5C-41B3-A25D-E60E5A87D8FC}.Debug|Any CPU.Build.0 = Debug|Any CPU
		{FAEC3FFA-DB5C-41B3-A25D-E60E5A87D8FC}.Debug|Any CPU.Deploy.0 = Debug|Any CPU
		{FAEC3FFA-DB5C-41B3-A25D-E60E5A87D8FC}.Debug|ARM.ActiveCfg = Debug|Any CPU
		{FAEC3FFA-DB5C-41B3-A25D-E60E5A87D8FC}.Debug|iPhone.ActiveCfg = Debug|Any CPU
		{FAEC3FFA-DB5C-41B3-A25D-E60E5A87D8FC}.Debug|iPhoneSimulator.ActiveCfg = Debug|Any CPU
		{FAEC3FFA-DB5C-41B3-A25D-E60E5A87D8FC}.Debug|iPhoneSimulator.Build.0 = Debug|Any CPU
		{FAEC3FFA-DB5C-41B3-A25D-E60E5A87D8FC}.Debug|iPhoneSimulator.Deploy.0 = Debug|Any CPU
		{FAEC3FFA-DB5C-41B3-A25D-E60E5A87D8FC}.Debug|Mixed Platforms.ActiveCfg = Debug|Any CPU
		{FAEC3FFA-DB5C-41B3-A25D-E60E5A87D8FC}.Debug|Mixed Platforms.Build.0 = Debug|Any CPU
		{FAEC3FFA-DB5C-41B3-A25D-E60E5A87D8FC}.Debug|Mixed Platforms.Deploy.0 = Debug|Any CPU
		{FAEC3FFA-DB5C-41B3-A25D-E60E5A87D8FC}.Debug|x86.ActiveCfg = Debug|Any CPU
		{FAEC3FFA-DB5C-41B3-A25D-E60E5A87D8FC}.Release|Any CPU.ActiveCfg = Release|Any CPU
		{FAEC3FFA-DB5C-41B3-A25D-E60E5A87D8FC}.Release|Any CPU.Build.0 = Release|Any CPU
		{FAEC3FFA-DB5C-41B3-A25D-E60E5A87D8FC}.Release|Any CPU.Deploy.0 = Release|Any CPU
		{FAEC3FFA-DB5C-41B3-A25D-E60E5A87D8FC}.Release|ARM.ActiveCfg = Release|Any CPU
		{FAEC3FFA-DB5C-41B3-A25D-E60E5A87D8FC}.Release|iPhone.ActiveCfg = Release|Any CPU
		{FAEC3FFA-DB5C-41B3-A25D-E60E5A87D8FC}.Release|iPhoneSimulator.ActiveCfg = Release|Any CPU
		{FAEC3FFA-DB5C-41B3-A25D-E60E5A87D8FC}.Release|Mixed Platforms.ActiveCfg = Release|Any CPU
		{FAEC3FFA-DB5C-41B3-A25D-E60E5A87D8FC}.Release|Mixed Platforms.Build.0 = Release|Any CPU
		{FAEC3FFA-DB5C-41B3-A25D-E60E5A87D8FC}.Release|Mixed Platforms.Deploy.0 = Release|Any CPU
		{FAEC3FFA-DB5C-41B3-A25D-E60E5A87D8FC}.Release|x86.ActiveCfg = Release|Any CPU
		{3FA90D3D-9678-4238-8813-7F3CE020D904}.Ad-Hoc|Any CPU.ActiveCfg = Release|Any CPU
		{3FA90D3D-9678-4238-8813-7F3CE020D904}.Ad-Hoc|Any CPU.Build.0 = Release|Any CPU
		{3FA90D3D-9678-4238-8813-7F3CE020D904}.Ad-Hoc|Any CPU.Deploy.0 = Release|Any CPU
		{3FA90D3D-9678-4238-8813-7F3CE020D904}.Ad-Hoc|ARM.ActiveCfg = Release|ARM
		{3FA90D3D-9678-4238-8813-7F3CE020D904}.Ad-Hoc|ARM.Build.0 = Release|ARM
		{3FA90D3D-9678-4238-8813-7F3CE020D904}.Ad-Hoc|ARM.Deploy.0 = Release|ARM
		{3FA90D3D-9678-4238-8813-7F3CE020D904}.Ad-Hoc|iPhone.ActiveCfg = Release|Any CPU
		{3FA90D3D-9678-4238-8813-7F3CE020D904}.Ad-Hoc|iPhoneSimulator.ActiveCfg = Release|Any CPU
		{3FA90D3D-9678-4238-8813-7F3CE020D904}.Ad-Hoc|Mixed Platforms.ActiveCfg = Release|x86
		{3FA90D3D-9678-4238-8813-7F3CE020D904}.Ad-Hoc|Mixed Platforms.Build.0 = Release|x86
		{3FA90D3D-9678-4238-8813-7F3CE020D904}.Ad-Hoc|Mixed Platforms.Deploy.0 = Release|x86
		{3FA90D3D-9678-4238-8813-7F3CE020D904}.Ad-Hoc|x86.ActiveCfg = Release|x86
		{3FA90D3D-9678-4238-8813-7F3CE020D904}.Ad-Hoc|x86.Build.0 = Release|x86
		{3FA90D3D-9678-4238-8813-7F3CE020D904}.Ad-Hoc|x86.Deploy.0 = Release|x86
		{3FA90D3D-9678-4238-8813-7F3CE020D904}.AppStore|Any CPU.ActiveCfg = Release|Any CPU
		{3FA90D3D-9678-4238-8813-7F3CE020D904}.AppStore|Any CPU.Build.0 = Release|Any CPU
		{3FA90D3D-9678-4238-8813-7F3CE020D904}.AppStore|Any CPU.Deploy.0 = Release|Any CPU
		{3FA90D3D-9678-4238-8813-7F3CE020D904}.AppStore|ARM.ActiveCfg = Release|ARM
		{3FA90D3D-9678-4238-8813-7F3CE020D904}.AppStore|ARM.Build.0 = Release|ARM
		{3FA90D3D-9678-4238-8813-7F3CE020D904}.AppStore|ARM.Deploy.0 = Release|ARM
		{3FA90D3D-9678-4238-8813-7F3CE020D904}.AppStore|iPhone.ActiveCfg = Release|Any CPU
		{3FA90D3D-9678-4238-8813-7F3CE020D904}.AppStore|iPhoneSimulator.ActiveCfg = Release|Any CPU
		{3FA90D3D-9678-4238-8813-7F3CE020D904}.AppStore|Mixed Platforms.ActiveCfg = Release|x86
		{3FA90D3D-9678-4238-8813-7F3CE020D904}.AppStore|Mixed Platforms.Build.0 = Release|x86
		{3FA90D3D-9678-4238-8813-7F3CE020D904}.AppStore|Mixed Platforms.Deploy.0 = Release|x86
		{3FA90D3D-9678-4238-8813-7F3CE020D904}.AppStore|x86.ActiveCfg = Release|x86
		{3FA90D3D-9678-4238-8813-7F3CE020D904}.AppStore|x86.Build.0 = Release|x86
		{3FA90D3D-9678-4238-8813-7F3CE020D904}.AppStore|x86.Deploy.0 = Release|x86
		{3FA90D3D-9678-4238-8813-7F3CE020D904}.Debug|Any CPU.ActiveCfg = Debug|Any CPU
		{3FA90D3D-9678-4238-8813-7F3CE020D904}.Debug|Any CPU.Build.0 = Debug|Any CPU
		{3FA90D3D-9678-4238-8813-7F3CE020D904}.Debug|Any CPU.Deploy.0 = Debug|Any CPU
		{3FA90D3D-9678-4238-8813-7F3CE020D904}.Debug|ARM.ActiveCfg = Debug|ARM
		{3FA90D3D-9678-4238-8813-7F3CE020D904}.Debug|ARM.Build.0 = Debug|ARM
		{3FA90D3D-9678-4238-8813-7F3CE020D904}.Debug|ARM.Deploy.0 = Debug|ARM
		{3FA90D3D-9678-4238-8813-7F3CE020D904}.Debug|iPhone.ActiveCfg = Debug|Any CPU
		{3FA90D3D-9678-4238-8813-7F3CE020D904}.Debug|iPhoneSimulator.ActiveCfg = Debug|Any CPU
		{3FA90D3D-9678-4238-8813-7F3CE020D904}.Debug|iPhoneSimulator.Build.0 = Debug|Any CPU
		{3FA90D3D-9678-4238-8813-7F3CE020D904}.Debug|iPhoneSimulator.Deploy.0 = Debug|Any CPU
		{3FA90D3D-9678-4238-8813-7F3CE020D904}.Debug|Mixed Platforms.ActiveCfg = Debug|x86
		{3FA90D3D-9678-4238-8813-7F3CE020D904}.Debug|Mixed Platforms.Build.0 = Debug|x86
		{3FA90D3D-9678-4238-8813-7F3CE020D904}.Debug|Mixed Platforms.Deploy.0 = Debug|x86
		{3FA90D3D-9678-4238-8813-7F3CE020D904}.Debug|x86.ActiveCfg = Debug|x86
		{3FA90D3D-9678-4238-8813-7F3CE020D904}.Debug|x86.Build.0 = Debug|x86
		{3FA90D3D-9678-4238-8813-7F3CE020D904}.Debug|x86.Deploy.0 = Debug|x86
		{3FA90D3D-9678-4238-8813-7F3CE020D904}.Release|Any CPU.ActiveCfg = Release|Any CPU
		{3FA90D3D-9678-4238-8813-7F3CE020D904}.Release|Any CPU.Build.0 = Release|Any CPU
		{3FA90D3D-9678-4238-8813-7F3CE020D904}.Release|Any CPU.Deploy.0 = Release|Any CPU
		{3FA90D3D-9678-4238-8813-7F3CE020D904}.Release|ARM.ActiveCfg = Release|ARM
		{3FA90D3D-9678-4238-8813-7F3CE020D904}.Release|ARM.Build.0 = Release|ARM
		{3FA90D3D-9678-4238-8813-7F3CE020D904}.Release|ARM.Deploy.0 = Release|ARM
		{3FA90D3D-9678-4238-8813-7F3CE020D904}.Release|iPhone.ActiveCfg = Release|Any CPU
		{3FA90D3D-9678-4238-8813-7F3CE020D904}.Release|iPhoneSimulator.ActiveCfg = Release|Any CPU
		{3FA90D3D-9678-4238-8813-7F3CE020D904}.Release|Mixed Platforms.ActiveCfg = Release|x86
		{3FA90D3D-9678-4238-8813-7F3CE020D904}.Release|Mixed Platforms.Build.0 = Release|x86
		{3FA90D3D-9678-4238-8813-7F3CE020D904}.Release|Mixed Platforms.Deploy.0 = Release|x86
		{3FA90D3D-9678-4238-8813-7F3CE020D904}.Release|x86.ActiveCfg = Release|x86
		{3FA90D3D-9678-4238-8813-7F3CE020D904}.Release|x86.Build.0 = Release|x86
		{3FA90D3D-9678-4238-8813-7F3CE020D904}.Release|x86.Deploy.0 = Release|x86
	EndGlobalSection
	GlobalSection(SolutionProperties) = preSolution
		HideSolutionNode = FALSE
	EndGlobalSection
EndGlobal
